
Microsoft Visual Studio Solution File, Format Version 12.00
# Visual Studio 15
Project("{FAE04EC0-301F-11D3-BF4B-00C04F79EFBC}") = "test45.Android", "test45.Android\test45.Android.csproj", "{1F24DB17-C256-4724-AF5E-8C88D4F877A3}"
EndProject
Project("{FAE04EC0-301F-11D3-BF4B-00C04F79EFBC}") = "test45.iOS", "test45.iOS\test45.iOS.csproj", "{9F12E33C-4CC5-46D1-A7BF-EC93E04E807C}"
EndProject
Project("{FAE04EC0-301F-11D3-BF4B-00C04F79EFBC}") = "test45.UITests", "test45.UITests\test45.UITests.csproj", "{5CD71339-208B-4FFC-9456-7AE36447C061}"
EndProject
Project("{FAE04EC0-301F-11D3-BF4B-00C04F79EFBC}") = "test45", "test45\test45.csproj", "{E5931832-4182-437B-A3A0-8069C0B12352}"
EndProject
Global
	GlobalSection(SolutionConfigurationPlatforms) = preSolution
		Debug|Any CPU = Debug|Any CPU
		Release|Any CPU = Release|Any CPU
		Debug|iPhoneSimulator = Debug|iPhoneSimulator
		Release|iPhoneSimulator = Release|iPhoneSimulator
		Debug|iPhone = Debug|iPhone
		Release|iPhone = Release|iPhone
	EndGlobalSection
	GlobalSection(ProjectConfigurationPlatforms) = postSolution
		{1F24DB17-C256-4724-AF5E-8C88D4F877A3}.Debug|Any CPU.ActiveCfg = Debug|Any CPU
		{1F24DB17-C256-4724-AF5E-8C88D4F877A3}.Debug|Any CPU.Build.0 = Debug|Any CPU
		{1F24DB17-C256-4724-AF5E-8C88D4F877A3}.Release|Any CPU.ActiveCfg = Release|Any CPU
		{1F24DB17-C256-4724-AF5E-8C88D4F877A3}.Release|Any CPU.Build.0 = Release|Any CPU
		{1F24DB17-C256-4724-AF5E-8C88D4F877A3}.Debug|iPhoneSimulator.ActiveCfg = Debug|Any CPU
		{1F24DB17-C256-4724-AF5E-8C88D4F877A3}.Debug|iPhoneSimulator.Build.0 = Debug|Any CPU
		{1F24DB17-C256-4724-AF5E-8C88D4F877A3}.Release|iPhoneSimulator.ActiveCfg = Release|Any CPU
		{1F24DB17-C256-4724-AF5E-8C88D4F877A3}.Release|iPhoneSimulator.Build.0 = Release|Any CPU
		{1F24DB17-C256-4724-AF5E-8C88D4F877A3}.Debug|iPhone.ActiveCfg = Debug|Any CPU
		{1F24DB17-C256-4724-AF5E-8C88D4F877A3}.Debug|iPhone.Build.0 = Debug|Any CPU
		{1F24DB17-C256-4724-AF5E-8C88D4F877A3}.Release|iPhone.ActiveCfg = Release|Any CPU
		{1F24DB17-C256-4724-AF5E-8C88D4F877A3}.Release|iPhone.Build.0 = Release|Any CPU
		{9F12E33C-4CC5-46D1-A7BF-EC93E04E807C}.Debug|Any CPU.ActiveCfg = Debug|iPhoneSimulator
		{9F12E33C-4CC5-46D1-A7BF-EC93E04E807C}.Debug|Any CPU.Build.0 = Debug|iPhoneSimulator
		{9F12E33C-4CC5-46D1-A7BF-EC93E04E807C}.Release|Any CPU.ActiveCfg = Release|iPhoneSimulator
		{9F12E33C-4CC5-46D1-A7BF-EC93E04E807C}.Release|Any CPU.Build.0 = Release|iPhoneSimulator
		{9F12E33C-4CC5-46D1-A7BF-EC93E04E807C}.Debug|iPhoneSimulator.ActiveCfg = Debug|iPhoneSimulator
		{9F12E33C-4CC5-46D1-A7BF-EC93E04E807C}.Debug|iPhoneSimulator.Build.0 = Debug|iPhoneSimulator
		{9F12E33C-4CC5-46D1-A7BF-EC93E04E807C}.Release|iPhoneSimulator.ActiveCfg = Release|iPhoneSimulator
		{9F12E33C-4CC5-46D1-A7BF-EC93E04E807C}.Release|iPhoneSimulator.Build.0 = Release|iPhoneSimulator
		{9F12E33C-4CC5-46D1-A7BF-EC93E04E807C}.Debug|iPhone.ActiveCfg = Debug|iPhone
		{9F12E33C-4CC5-46D1-A7BF-EC93E04E807C}.Debug|iPhone.Build.0 = Debug|iPhone
		{9F12E33C-4CC5-46D1-A7BF-EC93E04E807C}.Release|iPhone.ActiveCfg = Release|iPhone
		{9F12E33C-4CC5-46D1-A7BF-EC93E04E807C}.Release|iPhone.Build.0 = Release|iPhone
		{5CD71339-208B-4FFC-9456-7AE36447C061}.Debug|Any CPU.ActiveCfg = Debug|Any CPU
		{5CD71339-208B-4FFC-9456-7AE36447C061}.Debug|Any CPU.Build.0 = Debug|Any CPU
		{5CD71339-208B-4FFC-9456-7AE36447C061}.Release|Any CPU.ActiveCfg = Release|Any CPU
		{5CD71339-208B-4FFC-9456-7AE36447C061}.Release|Any CPU.Build.0 = Release|Any CPU
		{5CD71339-208B-4FFC-9456-7AE36447C061}.Debug|iPhoneSimulator.ActiveCfg = Debug|Any CPU
		{5CD71339-208B-4FFC-9456-7AE36447C061}.Debug|iPhoneSimulator.Build.0 = Debug|Any CPU
		{5CD71339-208B-4FFC-9456-7AE36447C061}.Release|iPhoneSimulator.ActiveCfg = Release|Any CPU
		{5CD71339-208B-4FFC-9456-7AE36447C061}.Release|iPhoneSimulator.Build.0 = Release|Any CPU
		{5CD71339-208B-4FFC-9456-7AE36447C061}.Debug|iPhone.ActiveCfg = Debug|Any CPU
		{5CD71339-208B-4FFC-9456-7AE36447C061}.Debug|iPhone.Build.0 = Debug|Any CPU
		{5CD71339-208B-4FFC-9456-7AE36447C061}.Release|iPhone.ActiveCfg = Release|Any CPU
		{5CD71339-208B-4FFC-9456-7AE36447C061}.Release|iPhone.Build.0 = Release|Any CPU
		{E5931832-4182-437B-A3A0-8069C0B12352}.Debug|Any CPU.ActiveCfg = Debug|Any CPU
		{E5931832-4182-437B-A3A0-8069C0B12352}.Debug|Any CPU.Build.0 = Debug|Any CPU
		{E5931832-4182-437B-A3A0-8069C0B12352}.Release|Any CPU.ActiveCfg = Release|Any CPU
		{E5931832-4182-437B-A3A0-8069C0B12352}.Release|Any CPU.Build.0 = Release|Any CPU
		{E5931832-4182-437B-A3A0-8069C0B12352}.Debug|iPhoneSimulator.ActiveCfg = Debug|Any CPU
		{E5931832-4182-437B-A3A0-8069C0B12352}.Debug|iPhoneSimulator.Build.0 = Debug|Any CPU
		{E5931832-4182-437B-A3A0-8069C0B12352}.Release|iPhoneSimulator.ActiveCfg = Release|Any CPU
		{E5931832-4182-437B-A3A0-8069C0B12352}.Release|iPhoneSimulator.Build.0 = Release|Any CPU
		{E5931832-4182-437B-A3A0-8069C0B12352}.Debug|iPhone.ActiveCfg = Debug|Any CPU
		{E5931832-4182-437B-A3A0-8069C0B12352}.Debug|iPhone.Build.0 = Debug|Any CPU
		{E5931832-4182-437B-A3A0-8069C0B12352}.Release|iPhone.ActiveCfg = Release|Any CPU
		{E5931832-4182-437B-A3A0-8069C0B12352}.Release|iPhone.Build.0 = Release|Any CPU
	EndGlobalSection
EndGlobal
